{
  "nodes": {
    "darwin": {
      "inputs": {
        "nixpkgs": [
          "nixpkgs"
        ]
      },
      "locked": {
        "lastModified": 1786845137,
        "narHash": "sha256-oQFip+v0luP8NIxJzmiW4Wu8bILsbFWom5l0zonl8hQ=",
        "owner": "lnl7",
        "repo": "nix-darwin",
        "rev": "4cff07de74b50e64bdd68cd4e722ab5b6b35ee48",
        "type": "github"
      },
      "original": {
        "owner": "lnl7",
        "repo": "nix-darwin",
        "type": "github"
      }
    },
    "herdr": {
      "inputs": {
        "nixpkgs": [
          "nixpkgs"
        ]
      },
      "locked": {
        "lastModified": 1781094825,
        "narHash": "sha256-+34RsCNa+l3q4KNiM0FLsrEPw+pVjodJasHAtWLbC/U=",
        "owner": "ogulcancelik",
        "repo": "herdr",
        "rev": "36a1b7f86444871f0c38ff36510a6e3c2eec48c6",
        "type": "github"
      },
      "original": {
        "owner": "ogulcancelik",
        "repo": "herdr",
        "type": "github"
      }
    },
    "home-manager": {
      "inputs": {
        "nixpkgs": [
          "nixpkgs"
        ]
      },
      "locked": {
        "lastModified": 1787797243,
        "narHash": "sha256-8+Q7NOB7RPajRjA4pbCDLzqH+MTjnG9x6LUPLfL2joA=",
        "owner": "nix-community",
        "repo": "home-manager",
        "rev": "99c9ec63390f1d8c14d95d9e8b17cc29cfbd4e11",
        "type": "github"
      },
      "original": {
        "owner": "nix-community",
        "repo": "home-manager",
        "type": "github"
      }
    },
    "nix-index-database": {
      "inputs": {
        "nixpkgs": [
          "nixpkgs"
        ]
      },
      "locked": {
        "lastModified": 1774156144,
        "narHash": "sha256-gdYe9wTPl4ignDyXUl1LlICWj41+S0GB5lG1fKP17+A=",
        "owner": "nix-community",
        "repo": "nix-index-database",
        "rev": "55b588747fa3d7fc351a11831c4b874dab992862",
        "type": "github"
      },
      "original": {
        "owner": "nix-community",
        "repo": "nix-index-database",
        "type": "github"
      }
    },
    "nixpkgs": {
      "locked": {
        "lastModified": 1787925250,
        "narHash": "sha256-HzUGOIYdIP0UvUoWtZhNEjxfbx7bsZl1xd6LEO4QaFA=",
        "owner": "nixos",
        "repo": "nixpkgs",
        "rev": "84b31b66a21b75f072501f67531aaf7558805f4b",
        "type": "github"
      },
      "original": {
        "owner": "nixos",
        "repo": "nixpkgs",
        "type": "github"
      }
    },
    "nixpkgs-zsh-fzf-tab": {
      "locked": {
        "lastModified": 1707152963,
        "narHash": "sha256-JvSs+aPLtsXsXJWJqpllFQyanCK0KWuX2SHSshCAs0I=",
        "owner": "nixos",
        "repo": "nixpkgs",
        "rev": "8193e46376fdc6a13e8075ad263b4b5ca2592c03",
        "type": "github"
      },
      "original": {
        "owner": "nixos",
        "repo": "nixpkgs",
        "rev": "8193e46376fdc6a13e8075ad263b4b5ca2592c03",
        "type": "github"
      }
    },
    "root": {
      "inputs": {
        "darwin": "darwin",
        "herdr": "herdr",
        "home-manager": "home-manager",
        "nix-index-database": "nix-index-database",
        "nixpkgs": "nixpkgs",
        "nixpkgs-zsh-fzf-tab": "nixpkgs-zsh-fzf-tab"
      }
    }
  },
  "root": "root",
  "version": 7
}
