{
  "nodes": {
    "darwin": {
      "inputs": {
        "nixpkgs": [
          "nixpkgs"
        ]
      },
      "locked": {
        "lastModified": 1773000227,
        "narHash": "sha256-zm3ftUQw0MPumYi91HovoGhgyZBlM4o3Zy0LhPNwzXE=",
        "owner": "lnl7",
        "repo": "nix-darwin",
        "rev": "da529ac9e46f25ed5616fd634079a5f3c579135f",
        "type": "github"
      },
      "original": {
        "owner": "lnl7",
        "repo": "nix-darwin",
        "type": "github"
      }
    },
    "herdr": {
      "inputs": {
        "nixpkgs": [
          "nixpkgs"
        ]
      },
      "locked": {
        "lastModified": 1781094825,
        "narHash": "sha256-+34RsCNa+l3q4KNiM0FLsrEPw+pVjodJasHAtWLbC/U=",
        "owner": "ogulcancelik",
        "repo": "herdr",
        "rev": "36a1b7f86444871f0c38ff36510a6e3c2eec48c6",
        "type": "github"
      },
      "original": {
        "owner": "ogulcancelik",
        "repo": "herdr",
        "type": "github"
      }
    },
    "home-manager": {
      "inputs": {
        "nixpkgs": [
          "nixpkgs"
        ]
      },
      "locked": {
        "lastModified": 1774357444,
        "narHash": "sha256-xISUnO64LVh+DhV6wMAbWJtWjw9eqUQBJE/NX4BcDlw=",
        "owner": "nix-community",
        "repo": "home-manager",
        "rev": "61463d50fca2f07b39231f88ebeffbf1617d2094",
        "type": "github"
      },
      "original": {
        "owner": "nix-community",
        "repo": "home-manager",
        "type": "github"
      }
    },
    "nix-index-database": {
      "inputs": {
        "nixpkgs": [
          "nixpkgs"
        ]
      },
      "locked": {
        "lastModified": 1774156144,
        "narHash": "sha256-gdYe9wTPl4ignDyXUl1LlICWj41+S0GB5lG1fKP17+A=",
        "owner": "nix-community",
        "repo": "nix-index-database",
        "rev": "55b588747fa3d7fc351a11831c4b874dab992862",
        "type": "github"
      },
      "original": {
        "owner": "nix-community",
        "repo": "nix-index-database",
        "type": "github"
      }
    },
    "nixpkgs": {
      "locked": {
        "lastModified": 1774361050,
        "narHash": "sha256-vfz4K+JqTXCQpDEF3tIeYj80wUv7toTly21mcMuqGiI=",
        "owner": "nixos",
        "repo": "nixpkgs",
        "rev": "fe357a911dc64e9bc313c94b6bbe7df6cd93dc63",
        "type": "github"
      },
      "original": {
        "owner": "nixos",
        "repo": "nixpkgs",
        "type": "github"
      }
    },
    "nixpkgs-zsh-fzf-tab": {
      "locked": {
        "lastModified": 1707152963,
        "narHash": "sha256-JvSs+aPLtsXsXJWJqpllFQyanCK0KWuX2SHSshCAs0I=",
        "owner": "nixos",
        "repo": "nixpkgs",
        "rev": "8193e46376fdc6a13e8075ad263b4b5ca2592c03",
        "type": "github"
      },
      "original": {
        "owner": "nixos",
        "repo": "nixpkgs",
        "rev": "8193e46376fdc6a13e8075ad263b4b5ca2592c03",
        "type": "github"
      }
    },
    "root": {
      "inputs": {
        "darwin": "darwin",
        "herdr": "herdr",
        "home-manager": "home-manager",
        "nix-index-database": "nix-index-database",
        "nixpkgs": "nixpkgs",
        "nixpkgs-zsh-fzf-tab": "nixpkgs-zsh-fzf-tab"
      }
    }
  },
  "root": "root",
  "version": 7
}
